
Microsoft Visual Studio Solution File, Format Version 12.00
# Visual Studio Version 17
VisualStudioVersion = 17.5.002.0
MinimumVisualStudioVersion = 10.0.40219.1
Project("{2150E333-8FDC-42A3-9474-1A3956D46DE8}") = "week01", "week01", "{5CF5FB04-2FBD-478E-8AAB-7643FFE3FFA7}"
EndProject
Project("{9A19103F-16F7-4668-BE54-9A1E7A4F7556}") = "code", "week01\code\code.csproj", "{59D9E735-8829-4376-9D18-10422E8EBCB6}"
EndProject
Project("{9A19103F-16F7-4668-BE54-9A1E7A4F7556}") = "analyze", "week01\analyze\analyze.csproj", "{619BAEF7-0FD5-40EF-8111-AA9CA34B7F4F}"
EndProject
Project("{9A19103F-16F7-4668-BE54-9A1E7A4F7556}") = "teach", "week01\teach\teach.csproj", "{F3C739B8-4B76-4790-BC0D-A510925C403E}"
EndProject
Project("{2150E333-8FDC-42A3-9474-1A3956D46DE8}") = "week06", "week06", "{AD9C4E8C-6048-4138-B2C4-40ADB09B614C}"
EndProject
Project("{9A19103F-16F7-4668-BE54-9A1E7A4F7556}") = "code", "week06\code\code.csproj", "{023646A0-533F-4C1D-8A5B-13993FBE671D}"
EndProject
Project("{2150E333-8FDC-42A3-9474-1A3956D46DE8}") = "sandbox", "sandbox", "{49ADBA03-1FA6-4897-A8E6-3FC9E86B85AC}"
EndProject
Project("{9A19103F-16F7-4668-BE54-9A1E7A4F7556}") = "sandbox_project", "sandbox\sandbox_project\sandbox_project.csproj", "{B97009CF-6B48-4A79-94D9-8CF2781998ED}"
EndProject
Project("{2150E333-8FDC-42A3-9474-1A3956D46DE8}") = "week05", "week05", "{5E5C04EB-F06E-4F69-972A-B3363E67F50A}"
EndProject
Project("{9A19103F-16F7-4668-BE54-9A1E7A4F7556}") = "code", "week05\code\code.csproj", "{DFD9F762-9A60-4E36-8428-39CD06AF39F1}"
EndProject
Project("{2150E333-8FDC-42A3-9474-1A3956D46DE8}") = "week02", "week02", "{019932C2-5346-484E-B9B2-73A771014CEC}"
EndProject
Project("{9A19103F-16F7-4668-BE54-9A1E7A4F7556}") = "learn", "week02\learn\learn.csproj", "{1B28E239-C94D-4450-843E-8FA9C67A5FD1}"
EndProject
Project("{9A19103F-16F7-4668-BE54-9A1E7A4F7556}") = "code", "week02\code\code.csproj", "{C68167F5-46E4-4B2A-BD62-5C52952DF5E4}"
EndProject
Project("{9A19103F-16F7-4668-BE54-9A1E7A4F7556}") = "analyze", "week02\analyze\analyze.csproj", "{4011BE9C-9F6D-4C63-8C59-E8760E35346F}"
EndProject
Project("{9A19103F-16F7-4668-BE54-9A1E7A4F7556}") = "teach", "week02\teach\teach.csproj", "{74D9840D-A58E-4BB1-BDE3-84F93A8503DA}"
EndProject
Project("{2150E333-8FDC-42A3-9474-1A3956D46DE8}") = "week03", "week03", "{FBEC3E81-A29B-4CA8-A03B-8C232FB252F6}"
EndProject
Project("{9A19103F-16F7-4668-BE54-9A1E7A4F7556}") = "learn", "week03\learn\learn.csproj", "{0DB143D7-B554-49A4-A440-A2297F62718A}"
EndProject
Project("{9A19103F-16F7-4668-BE54-9A1E7A4F7556}") = "code", "week03\code\code.csproj", "{386E6777-3F0C-4A49-9CC7-8A49ADA48CAB}"
EndProject
Project("{9A19103F-16F7-4668-BE54-9A1E7A4F7556}") = "teach", "week03\teach\teach.csproj", "{66A9F7F2-37EB-40F1-B603-F88A4E4670A1}"
EndProject
Project("{2150E333-8FDC-42A3-9474-1A3956D46DE8}") = "week04", "week04", "{99986DA1-2069-4941-99CC-AE62B6DD108A}"
EndProject
Project("{9A19103F-16F7-4668-BE54-9A1E7A4F7556}") = "code", "week04\code\code.csproj", "{224773D0-832E-481B-A3B0-790F746CACA2}"
EndProject
Global
	GlobalSection(SolutionConfigurationPlatforms) = preSolution
		Debug|Any CPU = Debug|Any CPU
		Release|Any CPU = Release|Any CPU
	EndGlobalSection
	GlobalSection(ProjectConfigurationPlatforms) = postSolution
		{59D9E735-8829-4376-9D18-10422E8EBCB6}.Debug|Any CPU.ActiveCfg = Debug|Any CPU
		{59D9E735-8829-4376-9D18-10422E8EBCB6}.Debug|Any CPU.Build.0 = Debug|Any CPU
		{59D9E735-8829-4376-9D18-10422E8EBCB6}.Release|Any CPU.ActiveCfg = Release|Any CPU
		{59D9E735-8829-4376-9D18-10422E8EBCB6}.Release|Any CPU.Build.0 = Release|Any CPU
		{619BAEF7-0FD5-40EF-8111-AA9CA34B7F4F}.Debug|Any CPU.ActiveCfg = Debug|Any CPU
		{619BAEF7-0FD5-40EF-8111-AA9CA34B7F4F}.Debug|Any CPU.Build.0 = Debug|Any CPU
		{619BAEF7-0FD5-40EF-8111-AA9CA34B7F4F}.Release|Any CPU.ActiveCfg = Release|Any CPU
		{619BAEF7-0FD5-40EF-8111-AA9CA34B7F4F}.Release|Any CPU.Build.0 = Release|Any CPU
		{F3C739B8-4B76-4790-BC0D-A510925C403E}.Debug|Any CPU.ActiveCfg = Debug|Any CPU
		{F3C739B8-4B76-4790-BC0D-A510925C403E}.Debug|Any CPU.Build.0 = Debug|Any CPU
		{F3C739B8-4B76-4790-BC0D-A510925C403E}.Release|Any CPU.ActiveCfg = Release|Any CPU
		{F3C739B8-4B76-4790-BC0D-A510925C403E}.Release|Any CPU.Build.0 = Release|Any CPU
		{023646A0-533F-4C1D-8A5B-13993FBE671D}.Debug|Any CPU.ActiveCfg = Debug|Any CPU
		{023646A0-533F-4C1D-8A5B-13993FBE671D}.Debug|Any CPU.Build.0 = Debug|Any CPU
		{023646A0-533F-4C1D-8A5B-13993FBE671D}.Release|Any CPU.ActiveCfg = Release|Any CPU
		{023646A0-533F-4C1D-8A5B-13993FBE671D}.Release|Any CPU.Build.0 = Release|Any CPU
		{B97009CF-6B48-4A79-94D9-8CF2781998ED}.Debug|Any CPU.ActiveCfg = Debug|Any CPU
		{B97009CF-6B48-4A79-94D9-8CF2781998ED}.Debug|Any CPU.Build.0 = Debug|Any CPU
		{B97009CF-6B48-4A79-94D9-8CF2781998ED}.Release|Any CPU.ActiveCfg = Release|Any CPU
		{B97009CF-6B48-4A79-94D9-8CF2781998ED}.Release|Any CPU.Build.0 = Release|Any CPU
		{DFD9F762-9A60-4E36-8428-39CD06AF39F1}.Debug|Any CPU.ActiveCfg = Debug|Any CPU
		{DFD9F762-9A60-4E36-8428-39CD06AF39F1}.Debug|Any CPU.Build.0 = Debug|Any CPU
		{DFD9F762-9A60-4E36-8428-39CD06AF39F1}.Release|Any CPU.ActiveCfg = Release|Any CPU
		{DFD9F762-9A60-4E36-8428-39CD06AF39F1}.Release|Any CPU.Build.0 = Release|Any CPU
		{1B28E239-C94D-4450-843E-8FA9C67A5FD1}.Debug|Any CPU.ActiveCfg = Debug|Any CPU
		{1B28E239-C94D-4450-843E-8FA9C67A5FD1}.Debug|Any CPU.Build.0 = Debug|Any CPU
		{1B28E239-C94D-4450-843E-8FA9C67A5FD1}.Release|Any CPU.ActiveCfg = Release|Any CPU
		{1B28E239-C94D-4450-843E-8FA9C67A5FD1}.Release|Any CPU.Build.0 = Release|Any CPU
		{C68167F5-46E4-4B2A-BD62-5C52952DF5E4}.Debug|Any CPU.ActiveCfg = Debug|Any CPU
		{C68167F5-46E4-4B2A-BD62-5C52952DF5E4}.Debug|Any CPU.Build.0 = Debug|Any CPU
		{C68167F5-46E4-4B2A-BD62-5C52952DF5E4}.Release|Any CPU.ActiveCfg = Release|Any CPU
		{C68167F5-46E4-4B2A-BD62-5C52952DF5E4}.Release|Any CPU.Build.0 = Release|Any CPU
		{4011BE9C-9F6D-4C63-8C59-E8760E35346F}.Debug|Any CPU.ActiveCfg = Debug|Any CPU
		{4011BE9C-9F6D-4C63-8C59-E8760E35346F}.Debug|Any CPU.Build.0 = Debug|Any CPU
		{4011BE9C-9F6D-4C63-8C59-E8760E35346F}.Release|Any CPU.ActiveCfg = Release|Any CPU
		{4011BE9C-9F6D-4C63-8C59-E8760E35346F}.Release|Any CPU.Build.0 = Release|Any CPU
		{74D9840D-A58E-4BB1-BDE3-84F93A8503DA}.Debug|Any CPU.ActiveCfg = Debug|Any CPU
		{74D9840D-A58E-4BB1-BDE3-84F93A8503DA}.Debug|Any CPU.Build.0 = Debug|Any CPU
		{74D9840D-A58E-4BB1-BDE3-84F93A8503DA}.Release|Any CPU.ActiveCfg = Release|Any CPU
		{74D9840D-A58E-4BB1-BDE3-84F93A8503DA}.Release|Any CPU.Build.0 = Release|Any CPU
		{0DB143D7-B554-49A4-A440-A2297F62718A}.Debug|Any CPU.ActiveCfg = Debug|Any CPU
		{0DB143D7-B554-49A4-A440-A2297F62718A}.Debug|Any CPU.Build.0 = Debug|Any CPU
		{0DB143D7-B554-49A4-A440-A2297F62718A}.Release|Any CPU.ActiveCfg = Release|Any CPU
		{0DB143D7-B554-49A4-A440-A2297F62718A}.Release|Any CPU.Build.0 = Release|Any CPU
		{386E6777-3F0C-4A49-9CC7-8A49ADA48CAB}.Debug|Any CPU.ActiveCfg = Debug|Any CPU
		{386E6777-3F0C-4A49-9CC7-8A49ADA48CAB}.Debug|Any CPU.Build.0 = Debug|Any CPU
		{386E6777-3F0C-4A49-9CC7-8A49ADA48CAB}.Release|Any CPU.ActiveCfg = Release|Any CPU
		{386E6777-3F0C-4A49-9CC7-8A49ADA48CAB}.Release|Any CPU.Build.0 = Release|Any CPU
		{66A9F7F2-37EB-40F1-B603-F88A4E4670A1}.Debug|Any CPU.ActiveCfg = Debug|Any CPU
		{66A9F7F2-37EB-40F1-B603-F88A4E4670A1}.Debug|Any CPU.Build.0 = Debug|Any CPU
		{66A9F7F2-37EB-40F1-B603-F88A4E4670A1}.Release|Any CPU.ActiveCfg = Release|Any CPU
		{66A9F7F2-37EB-40F1-B603-F88A4E4670A1}.Release|Any CPU.Build.0 = Release|Any CPU
		{224773D0-832E-481B-A3B0-790F746CACA2}.Debug|Any CPU.ActiveCfg = Debug|Any CPU
		{224773D0-832E-481B-A3B0-790F746CACA2}.Debug|Any CPU.Build.0 = Debug|Any CPU
		{224773D0-832E-481B-A3B0-790F746CACA2}.Release|Any CPU.ActiveCfg = Release|Any CPU
		{224773D0-832E-481B-A3B0-790F746CACA2}.Release|Any CPU.Build.0 = Release|Any CPU
	EndGlobalSection
	GlobalSection(SolutionProperties) = preSolution
		HideSolutionNode = FALSE
	EndGlobalSection
	GlobalSection(NestedProjects) = preSolution
		{59D9E735-8829-4376-9D18-10422E8EBCB6} = {5CF5FB04-2FBD-478E-8AAB-7643FFE3FFA7}
		{619BAEF7-0FD5-40EF-8111-AA9CA34B7F4F} = {5CF5FB04-2FBD-478E-8AAB-7643FFE3FFA7}
		{F3C739B8-4B76-4790-BC0D-A510925C403E} = {5CF5FB04-2FBD-478E-8AAB-7643FFE3FFA7}
		{023646A0-533F-4C1D-8A5B-13993FBE671D} = {AD9C4E8C-6048-4138-B2C4-40ADB09B614C}
		{B97009CF-6B48-4A79-94D9-8CF2781998ED} = {49ADBA03-1FA6-4897-A8E6-3FC9E86B85AC}
		{DFD9F762-9A60-4E36-8428-39CD06AF39F1} = {5E5C04EB-F06E-4F69-972A-B3363E67F50A}
		{1B28E239-C94D-4450-843E-8FA9C67A5FD1} = {019932C2-5346-484E-B9B2-73A771014CEC}
		{C68167F5-46E4-4B2A-BD62-5C52952DF5E4} = {019932C2-5346-484E-B9B2-73A771014CEC}
		{4011BE9C-9F6D-4C63-8C59-E8760E35346F} = {019932C2-5346-484E-B9B2-73A771014CEC}
		{74D9840D-A58E-4BB1-BDE3-84F93A8503DA} = {019932C2-5346-484E-B9B2-73A771014CEC}
		{0DB143D7-B554-49A4-A440-A2297F62718A} = {FBEC3E81-A29B-4CA8-A03B-8C232FB252F6}
		{386E6777-3F0C-4A49-9CC7-8A49ADA48CAB} = {FBEC3E81-A29B-4CA8-A03B-8C232FB252F6}
		{66A9F7F2-37EB-40F1-B603-F88A4E4670A1} = {FBEC3E81-A29B-4CA8-A03B-8C232FB252F6}
		{224773D0-832E-481B-A3B0-790F746CACA2} = {99986DA1-2069-4941-99CC-AE62B6DD108A}
	EndGlobalSection
	GlobalSection(ExtensibilityGlobals) = postSolution
		SolutionGuid = {31D21888-0BFF-4ECE-8A3C-5B800AE64AC6}
	EndGlobalSection
EndGlobal
